
Microsoft Visual Studio Solution File, Format Version 12.00
# Visual Studio Version 17
VisualStudioVersion = 17.4.33213.308
MinimumVisualStudioVersion = 10.0.40219.1
Project("{9A19103F-16F7-4668-BE54-9A1E7A4F7556}") = "CollegeInformationSystem", "CollegeInformationSystem.csproj", "{3165D9B7-ECCB-49F9-8130-17B7B3EB9607}"
EndProject
Project("{2150E333-8FDC-42A3-9474-1A3956D46DE8}") = "Solution Items", "Solution Items", "{48997506-30B8-4735-B249-9B31BA7CAFB7}"
	ProjectSection(SolutionItems) = preProject
		Register.cs = Register.cs
	EndProjectSection
EndProject
Global
	GlobalSection(SolutionConfigurationPlatforms) = preSolution
		Debug|Any CPU = Debug|Any CPU
		Release|Any CPU = Release|Any CPU
	EndGlobalSection
	GlobalSection(ProjectConfigurationPlatforms) = postSolution
		{3165D9B7-ECCB-49F9-8130-17B7B3EB9607}.Debug|Any CPU.ActiveCfg = Debug|Any CPU
		{3165D9B7-ECCB-49F9-8130-17B7B3EB9607}.Debug|Any CPU.Build.0 = Debug|Any CPU
		{3165D9B7-ECCB-49F9-8130-17B7B3EB9607}.Release|Any CPU.ActiveCfg = Release|Any CPU
		{3165D9B7-ECCB-49F9-8130-17B7B3EB9607}.Release|Any CPU.Build.0 = Release|Any CPU
	EndGlobalSection
	GlobalSection(SolutionProperties) = preSolution
		HideSolutionNode = FALSE
	EndGlobalSection
	GlobalSection(ExtensibilityGlobals) = postSolution
		SolutionGuid = {9B1B5E67-00C7-4F3E-9142-E6BACD65CB53}
	EndGlobalSection
EndGlobal
